// !$*UTF8*$!
{
	archiveVersion = 1;
	classes = {
	};
	objectVersion = 46;
	objects = {

/* Begin PBXBuildFile section */
		035DA4AC1CC0DB21009096B4 /* main.m in Sources */ = {isa = PBXBuildFile; fileRef = 035DA4AB1CC0DB21009096B4 /* main.m */; };
		035DA4AF1CC0DB21009096B4 /* AppDelegate.m in Sources */ = {isa = PBXBuildFile; fileRef = 035DA4AE1CC0DB21009096B4 /* AppDelegate.m */; };
		035DA4B21CC0DB21009096B4 /* ViewController.m in Sources */ = {isa = PBXBuildFile; fileRef = 035DA4B11CC0DB21009096B4 /* ViewController.m */; };
		035DA4B51CC0DB21009096B4 /* Main.storyboard in Resources */ = {isa = PBXBuildFile; fileRef = 035DA4B31CC0DB21009096B4 /* Main.storyboard */; };
		035DA4B81CC0DB21009096B4 /* StacjYiew.xcdatamodeld in Sources */ = {isa = PBXBuildFile; fileRef = 035DA4B61CC0DB21009096B4 /* StacjYiew.xcdatamodeld */; };
		035DA4BA1CC0DB21009096B4 /* Assets.xcassets in Resources */ = {isa = PBXBuildFile; fileRef = 035DA4B91CC0DB21009096B4 /* Assets.xcassets */; };
		035DA4BD1CC0DB21009096B4 /* LaunchScreen.storyboard in Resources */ = {isa = PBXBuildFile; fileRef = 035DA4BB1CC0DB21009096B4 /* LaunchScreen.storyboard */; };
		035DA4C81CC0DB21009096B4 /* StacjYiewTests.m in Sources */ = {isa = PBXBuildFile; fileRef = 035DA4C71CC0DB21009096B4 /* StacjYiewTests.m */; };
		035DA4D31CC0DB21009096B4 /* StacjYiewUITests.m in Sources */ = {isa = PBXBuildFile; fileRef = 035DA4D21CC0DB21009096B4 /* StacjYiewUITests.m */; };
/* End PBXBuildFile section */

/* Begin PBXContainerItemProxy section */
		035DA4C41CC0DB21009096B4 /* PBXContainerItemProxy */ = {
			isa = PBXContainerItemProxy;
			containerPortal = 035DA49F1CC0DB21009096B4 /* Project object */;
			proxyType = 1;
			remoteGlobalIDString = 035DA4A61CC0DB21009096B4;
			remoteInfo = StacjYiew;
		};
		035DA4CF1CC0DB21009096B4 /* PBXContainerItemProxy */ = {
			isa = PBXContainerItemProxy;
			containerPortal = 035DA49F1CC0DB21009096B4 /* Project object */;
			proxyType = 1;
			remoteGlobalIDString = 035DA4A61CC0DB21009096B4;
			remoteInfo = StacjYiew;
		};
/* End PBXContainerItemProxy section */

/* Begin PBXFileReference section */
		035DA4A71CC0DB21009096B4 /* StacjYiew.app */ = {isa = PBXFileReference; explicitFileType = wrapper.application; includeInIndex = 0; path = StacjYiew.app; sourceTree = BUILT_PRODUCTS_DIR; };
		035DA4AB1CC0DB21009096B4 /* main.m */ = {isa = PBXFileReference; lastKnownFileType = sourcecode.c.objc; path = main.m; sourceTree = "<group>"; };
		035DA4AD1CC0DB21009096B4 /* AppDelegate.h */ = {isa = PBXFileReference; lastKnownFileType = sourcecode.c.h; path = AppDelegate.h; sourceTree = "<group>"; };
		035DA4AE1CC0DB21009096B4 /* AppDelegate.m */ = {isa = PBXFileReference; lastKnownFileType = sourcecode.c.objc; path = AppDelegate.m; sourceTree = "<group>"; };
		035DA4B01CC0DB21009096B4 /* ViewController.h */ = {isa = PBXFileReference; lastKnownFileType = sourcecode.c.h; path = ViewController.h; sourceTree = "<group>"; };
		035DA4B11CC0DB21009096B4 /* ViewController.m */ = {isa = PBXFileReference; lastKnownFileType = sourcecode.c.objc; path = ViewController.m; sourceTree = "<group>"; };
		035DA4B41CC0DB21009096B4 /* Base */ = {isa = PBXFileReference; lastKnownFileType = file.storyboard; name = Base; path = Base.lproj/Main.storyboard; sourceTree = "<group>"; };
		035DA4B71CC0DB21009096B4 /* StacjYiew.xcdatamodel */ = {isa = PBXFileReference; lastKnownFileType = wrapper.xcdatamodel; path = StacjYiew.xcdatamodel; sourceTree = "<group>"; };
		035DA4B91CC0DB21009096B4 /* Assets.xcassets */ = {isa = PBXFileReference; lastKnownFileType = folder.assetcatalog; path = Assets.xcassets; sourceTree = "<group>"; };
		035DA4BC1CC0DB21009096B4 /* Base */ = {isa = PBXFileReference; lastKnownFileType = file.storyboard; name = Base; path = Base.lproj/LaunchScreen.storyboard; sourceTree = "<group>"; };
		035DA4BE1CC0DB21009096B4 /* Info.plist */ = {isa = PBXFileReference; lastKnownFileType = text.plist.xml; path = Info.plist; sourceTree = "<group>"; };
		035DA4C31CC0DB21009096B4 /* StacjYiewTests.xctest */ = {isa = PBXFileReference; explicitFileType = wrapper.cfbundle; includeInIndex = 0; path = StacjYiewTests.xctest; sourceTree = BUILT_PRODUCTS_DIR; };
		035DA4C71CC0DB21009096B4 /* StacjYiewTests.m */ = {isa = PBXFileReference; lastKnownFileType = sourcecode.c.objc; path = StacjYiewTests.m; sourceTree = "<group>"; };
		035DA4C91CC0DB21009096B4 /* Info.plist */ = {isa = PBXFileReference; lastKnownFileType = text.plist.xml; path = Info.plist; sourceTree = "<group>"; };
		035DA4CE1CC0DB21009096B4 /* StacjYiewUITests.xctest */ = {isa = PBXFileReference; explicitFileType = wrapper.cfbundle; includeInIndex = 0; path = StacjYiewUITests.xctest; sourceTree = BUILT_PRODUCTS_DIR; };
		035DA4D21CC0DB21009096B4 /* StacjYiewUITests.m */ = {isa = PBXFileReference; lastKnownFileType = sourcecode.c.objc; path = StacjYiewUITests.m; sourceTree = "<group>"; };
		035DA4D41CC0DB21009096B4 /* Info.plist */ = {isa = PBXFileReference; lastKnownFileType = text.plist.xml; path = Info.plist; sourceTree = "<group>"; };
/* End PBXFileReference section */

/* Begin PBXFrameworksBuildPhase section */
		035DA4A41CC0DB21009096B4 /* Frameworks */ = {
			isa = PBXFrameworksBuildPhase;
			buildActionMask = 2147483647;
			files = (
			);
			runOnlyForDeploymentPostprocessing = 0;
		};
		035DA4C01CC0DB21009096B4 /* Frameworks */ = {
			isa = PBXFrameworksBuildPhase;
			buildActionMask = 2147483647;
			files = (
			);
			runOnlyForDeploymentPostprocessing = 0;
		};
		035DA4CB1CC0DB21009096B4 /* Frameworks */ = {
			isa = PBXFrameworksBuildPhase;
			buildActionMask = 2147483647;
			files = (
			);
			runOnlyForDeploymentPostprocessing = 0;
		};
/* End PBXFrameworksBuildPhase section */

/* Begin PBXGroup section */
		035DA49E1CC0DB21009096B4 = {
			isa = PBXGroup;
			children = (
				035DA4A91CC0DB21009096B4 /* StacjYiew */,
				035DA4C61CC0DB21009096B4 /* StacjYiewTests */,
				035DA4D11CC0DB21009096B4 /* StacjYiewUITests */,
				035DA4A81CC0DB21009096B4 /* Products */,
			);
			sourceTree = "<group>";
		};
		035DA4A81CC0DB21009096B4 /* Products */ = {
			isa = PBXGroup;
			children = (
				035DA4A71CC0DB21009096B4 /* StacjYiew.app */,
				035DA4C31CC0DB21009096B4 /* StacjYiewTests.xctest */,
				035DA4CE1CC0DB21009096B4 /* StacjYiewUITests.xctest */,
			);
			name = Products;
			sourceTree = "<group>";
		};
		035DA4A91CC0DB21009096B4 /* StacjYiew */ = {
			isa = PBXGroup;
			children = (
				035DA4AD1CC0DB21009096B4 /* AppDelegate.h */,
				035DA4AE1CC0DB21009096B4 /* AppDelegate.m */,
				035DA4B01CC0DB21009096B4 /* ViewController.h */,
				035DA4B11CC0DB21009096B4 /* ViewController.m */,
				035DA4B31CC0DB21009096B4 /* Main.storyboard */,
				035DA4B91CC0DB21009096B4 /* Assets.xcassets */,
				035DA4BB1CC0DB21009096B4 /* LaunchScreen.storyboard */,
				035DA4BE1CC0DB21009096B4 /* Info.plist */,
				035DA4B61CC0DB21009096B4 /* StacjYiew.xcdatamodeld */,
				035DA4AA1CC0DB21009096B4 /* Supporting Files */,
			);
			path = StacjYiew;
			sourceTree = "<group>";
		};
		035DA4AA1CC0DB21009096B4 /* Supporting Files */ = {
			isa = PBXGroup;
			children = (
				035DA4AB1CC0DB21009096B4 /* main.m */,
			);
			name = "Supporting Files";
			sourceTree = "<group>";
		};
		035DA4C61CC0DB21009096B4 /* StacjYiewTests */ = {
			isa = PBXGroup;
			children = (
				035DA4C71CC0DB21009096B4 /* StacjYiewTests.m */,
				035DA4C91CC0DB21009096B4 /* Info.plist */,
			);
			path = StacjYiewTests;
			sourceTree = "<group>";
		};
		035DA4D11CC0DB21009096B4 /* StacjYiewUITests */ = {
			isa = PBXGroup;
			children = (
				035DA4D21CC0DB21009096B4 /* StacjYiewUITests.m */,
				035DA4D41CC0DB21009096B4 /* Info.plist */,
			);
			path = StacjYiewUITests;
			sourceTree = "<group>";
		};
/* End PBXGroup section */

/* Begin PBXNativeTarget section */
		035DA4A61CC0DB21009096B4 /* StacjYiew */ = {
			isa = PBXNativeTarget;
			buildConfigurationList = 035DA4D71CC0DB21009096B4 /* Build configuration list for PBXNativeTarget "StacjYiew" */;
			buildPhases = (
				035DA4A31CC0DB21009096B4 /* Sources */,
				035DA4A41CC0DB21009096B4 /* Frameworks */,
				035DA4A51CC0DB21009096B4 /* Resources */,
			);
			buildRules = (
			);
			dependencies = (
			);
			name = StacjYiew;
			productName = StacjYiew;
			productReference = 035DA4A71CC0DB21009096B4 /* StacjYiew.app */;
			productType = "com.apple.product-type.application";
		};
		035DA4C21CC0DB21009096B4 /* StacjYiewTests */ = {
			isa = PBXNativeTarget;
			buildConfigurationList = 035DA4DA1CC0DB21009096B4 /* Build configuration list for PBXNativeTarget "StacjYiewTests" */;
			buildPhases = (
				035DA4BF1CC0DB21009096B4 /* Sources */,
				035DA4C01CC0DB21009096B4 /* Frameworks */,
				035DA4C11CC0DB21009096B4 /* Resources */,
			);
			buildRules = (
			);
			dependencies = (
				035DA4C51CC0DB21009096B4 /* PBXTargetDependency */,
			);
			name = StacjYiewTests;
			productName = StacjYiewTests;
			productReference = 035DA4C31CC0DB21009096B4 /* StacjYiewTests.xctest */;
			productType = "com.apple.product-type.bundle.unit-test";
		};
		035DA4CD1CC0DB21009096B4 /* StacjYiewUITests */ = {
			isa = PBXNativeTarget;
			buildConfigurationList = 035DA4DD1CC0DB21009096B4 /* Build configuration list for PBXNativeTarget "StacjYiewUITests" */;
			buildPhases = (
				035DA4CA1CC0DB21009096B4 /* Sources */,
				035DA4CB1CC0DB21009096B4 /* Frameworks */,
				035DA4CC1CC0DB21009096B4 /* Resources */,
			);
			buildRules = (
			);
			dependencies = (
				035DA4D01CC0DB21009096B4 /* PBXTargetDependency */,
			);
			name = StacjYiewUITests;
			productName = StacjYiewUITests;
			productReference = 035DA4CE1CC0DB21009096B4 /* StacjYiewUITests.xctest */;
			productType = "com.apple.product-type.bundle.ui-testing";
		};
/* End PBXNativeTarget section */

/* Begin PBXProject section */
		035DA49F1CC0DB21009096B4 /* Project object */ = {
			isa = PBXProject;
			attributes = {
				LastUpgradeCheck = 0730;
				ORGANIZATIONNAME = "silin chen";
				TargetAttributes = {
					035DA4A61CC0DB21009096B4 = {
						CreatedOnToolsVersion = 7.3;
					};
					035DA4C21CC0DB21009096B4 = {
						CreatedOnToolsVersion = 7.3;
						TestTargetID = 035DA4A61CC0DB21009096B4;
					};
					035DA4CD1CC0DB21009096B4 = {
						CreatedOnToolsVersion = 7.3;
						TestTargetID = 035DA4A61CC0DB21009096B4;
					};
				};
			};
			buildConfigurationList = 035DA4A21CC0DB21009096B4 /* Build configuration list for PBXProject "StacjYiew" */;
			compatibilityVersion = "Xcode 3.2";
			developmentRegion = English;
			hasScannedForEncodings = 0;
			knownRegions = (
				en,
				Base,
			);
			mainGroup = 035DA49E1CC0DB21009096B4;
			productRefGroup = 035DA4A81CC0DB21009096B4 /* Products */;
			projectDirPath = "";
			projectRoot = "";
			targets = (
				035DA4A61CC0DB21009096B4 /* StacjYiew */,
				035DA4C21CC0DB21009096B4 /* StacjYiewTests */,
				035DA4CD1CC0DB21009096B4 /* StacjYiewUITests */,
			);
		};
/* End PBXProject section */

/* Begin PBXResourcesBuildPhase section */
		035DA4A51CC0DB21009096B4 /* Resources */ = {
			isa = PBXResourcesBuildPhase;
			buildActionMask = 2147483647;
			files = (
				035DA4BD1CC0DB21009096B4 /* LaunchScreen.storyboard in Resources */,
				035DA4BA1CC0DB21009096B4 /* Assets.xcassets in Resources */,
				035DA4B51CC0DB21009096B4 /* Main.storyboard in Resources */,
			);
			runOnlyForDeploymentPostprocessing = 0;
		};
		035DA4C11CC0DB21009096B4 /* Resources */ = {
			isa = PBXResourcesBuildPhase;
			buildActionMask = 2147483647;
			files = (
			);
			runOnlyForDeploymentPostprocessing = 0;
		};
		035DA4CC1CC0DB21009096B4 /* Resources */ = {
			isa = PBXResourcesBuildPhase;
			buildActionMask = 2147483647;
			files = (
			);
			runOnlyForDeploymentPostprocessing = 0;
		};
/* End PBXResourcesBuildPhase section */

/* Begin PBXSourcesBuildPhase section */
		035DA4A31CC0DB21009096B4 /* Sources */ = {
			isa = PBXSourcesBuildPhase;
			buildActionMask = 2147483647;
			files = (
				035DA4B21CC0DB21009096B4 /* ViewController.m in Sources */,
				035DA4B81CC0DB21009096B4 /* StacjYiew.xcdatamodeld in Sources */,
				035DA4AF1CC0DB21009096B4 /* AppDelegate.m in Sources */,
				035DA4AC1CC0DB21009096B4 /* main.m in Sources */,
			);
			runOnlyForDeploymentPostprocessing = 0;
		};
		035DA4BF1CC0DB21009096B4 /* Sources */ = {
			isa = PBXSourcesBuildPhase;
			buildActionMask = 2147483647;
			files = (
				035DA4C81CC0DB21009096B4 /* StacjYiewTests.m in Sources */,
			);
			runOnlyForDeploymentPostprocessing = 0;
		};
		035DA4CA1CC0DB21009096B4 /* Sources */ = {
			isa = PBXSourcesBuildPhase;
			buildActionMask = 2147483647;
			files = (
				035DA4D31CC0DB21009096B4 /* StacjYiewUITests.m in Sources */,
			);
			runOnlyForDeploymentPostprocessing = 0;
		};
/* End PBXSourcesBuildPhase section */

/* Begin PBXTargetDependency section */
		035DA4C51CC0DB21009096B4 /* PBXTargetDependency */ = {
			isa = PBXTargetDependency;
			target = 035DA4A61CC0DB21009096B4 /* StacjYiew */;
			targetProxy = 035DA4C41CC0DB21009096B4 /* PBXContainerItemProxy */;
		};
		035DA4D01CC0DB21009096B4 /* PBXTargetDependency */ = {
			isa = PBXTargetDependency;
			target = 035DA4A61CC0DB21009096B4 /* StacjYiew */;
			targetProxy = 035DA4CF1CC0DB21009096B4 /* PBXContainerItemProxy */;
		};
/* End PBXTargetDependency section */

/* Begin PBXVariantGroup section */
		035DA4B31CC0DB21009096B4 /* Main.storyboard */ = {
			isa = PBXVariantGroup;
			children = (
				035DA4B41CC0DB21009096B4 /* Base */,
			);
			name = Main.storyboard;
			sourceTree = "<group>";
		};
		035DA4BB1CC0DB21009096B4 /* LaunchScreen.storyboard */ = {
			isa = PBXVariantGroup;
			children = (
				035DA4BC1CC0DB21009096B4 /* Base */,
			);
			name = LaunchScreen.storyboard;
			sourceTree = "<group>";
		};
/* End PBXVariantGroup section */

/* Begin XCBuildConfiguration section */
		035DA4D51CC0DB21009096B4 /* Debug */ = {
			isa = XCBuildConfiguration;
			buildSettings = {
				ALWAYS_SEARCH_USER_PATHS = NO;
				CLANG_ANALYZER_NONNULL = YES;
				CLANG_CXX_LANGUAGE_STANDARD = "gnu++0x";
				CLANG_CXX_LIBRARY = "libc++";
				CLANG_ENABLE_MODULES = YES;
				CLANG_ENABLE_OBJC_ARC = YES;
				CLANG_WARN_BOOL_CONVERSION = YES;
				CLANG_WARN_CONSTANT_CONVERSION = YES;
				CLANG_WARN_DIRECT_OBJC_ISA_USAGE = YES_ERROR;
				CLANG_WARN_EMPTY_BODY = YES;
				CLANG_WARN_ENUM_CONVERSION = YES;
				CLANG_WARN_INT_CONVERSION = YES;
				CLANG_WARN_OBJC_ROOT_CLASS = YES_ERROR;
				CLANG_WARN_UNREACHABLE_CODE = YES;
				CLANG_WARN__DUPLICATE_METHOD_MATCH = YES;
				"CODE_SIGN_IDENTITY[sdk=iphoneos*]" = "iPhone Developer";
				COPY_PHASE_STRIP = NO;
				DEBUG_INFORMATION_FORMAT = dwarf;
				ENABLE_STRICT_OBJC_MSGSEND = YES;
				ENABLE_TESTABILITY = YES;
				GCC_C_LANGUAGE_STANDARD = gnu99;
				GCC_DYNAMIC_NO_PIC = NO;
				GCC_NO_COMMON_BLOCKS = YES;
				GCC_OPTIMIZATION_LEVEL = 0;
				GCC_PREPROCESSOR_DEFINITIONS = (
					"DEBUG=1",
					"$(inherited)",
				);
				GCC_WARN_64_TO_32_BIT_CONVERSION = YES;
				GCC_WARN_ABOUT_RETURN_TYPE = YES_ERROR;
				GCC_WARN_UNDECLARED_SELECTOR = YES;
				GCC_WARN_UNINITIALIZED_AUTOS = YES_AGGRESSIVE;
				GCC_WARN_UNUSED_FUNCTION = YES;
				GCC_WARN_UNUSED_VARIABLE = YES;
				IPHONEOS_DEPLOYMENT_TARGET = 9.3;
				MTL_ENABLE_DEBUG_INFO = YES;
				ONLY_ACTIVE_ARCH = YES;
				SDKROOT = iphoneos;
				TARGETED_DEVICE_FAMILY = "1,2";
			};
			name = Debug;
		};
		035DA4D61CC0DB21009096B4 /* Release */ = {
			isa = XCBuildConfiguration;
			buildSettings = {
				ALWAYS_SEARCH_USER_PATHS = NO;
				CLANG_ANALYZER_NONNULL = YES;
				CLANG_CXX_LANGUAGE_STANDARD = "gnu++0x";
				CLANG_CXX_LIBRARY = "libc++";
				CLANG_ENABLE_MODULES = YES;
				CLANG_ENABLE_OBJC_ARC = YES;
				CLANG_WARN_BOOL_CONVERSION = YES;
				CLANG_WARN_CONSTANT_CONVERSION = YES;
				CLANG_WARN_DIRECT_OBJC_ISA_USAGE = YES_ERROR;
				CLANG_WARN_EMPTY_BODY = YES;
				CLANG_WARN_ENUM_CONVERSION = YES;
				CLANG_WARN_INT_CONVERSION = YES;
				CLANG_WARN_OBJC_ROOT_CLASS = YES_ERROR;
				CLANG_WARN_UNREACHABLE_CODE = YES;
				CLANG_WARN__DUPLICATE_METHOD_MATCH = YES;
				"CODE_SIGN_IDENTITY[sdk=iphoneos*]" = "iPhone Developer";
				COPY_PHASE_STRIP = NO;
				DEBUG_INFORMATION_FORMAT = "dwarf-with-dsym";
				ENABLE_NS_ASSERTIONS = NO;
				ENABLE_STRICT_OBJC_MSGSEND = YES;
				GCC_C_LANGUAGE_STANDARD = gnu99;
				GCC_NO_COMMON_BLOCKS = YES;
				GCC_WARN_64_TO_32_BIT_CONVERSION = YES;
				GCC_WARN_ABOUT_RETURN_TYPE = YES_ERROR;
				GCC_WARN_UNDECLARED_SELECTOR = YES;
				GCC_WARN_UNINITIALIZED_AUTOS = YES_AGGRESSIVE;
				GCC_WARN_UNUSED_FUNCTION = YES;
				GCC_WARN_UNUSED_VARIABLE = YES;
				IPHONEOS_DEPLOYMENT_TARGET = 9.3;
				MTL_ENABLE_DEBUG_INFO = NO;
				SDKROOT = iphoneos;
				TARGETED_DEVICE_FAMILY = "1,2";
				VALIDATE_PRODUCT = YES;
			};
			name = Release;
		};
		035DA4D81CC0DB21009096B4 /* Debug */ = {
			isa = XCBuildConfiguration;
			buildSettings = {
				ASSETCATALOG_COMPILER_APPICON_NAME = AppIcon;
				INFOPLIST_FILE = StacjYiew/Info.plist;
				LD_RUNPATH_SEARCH_PATHS = "$(inherited) @executable_path/Frameworks";
				PRODUCT_BUNDLE_IDENTIFIER = com.universal.zxy.StacjYiew;
				PRODUCT_NAME = "$(TARGET_NAME)";
			};
			name = Debug;
		};
		035DA4D91CC0DB21009096B4 /* Release */ = {
			isa = XCBuildConfiguration;
			buildSettings = {
				ASSETCATALOG_COMPILER_APPICON_NAME = AppIcon;
				INFOPLIST_FILE = StacjYiew/Info.plist;
				LD_RUNPATH_SEARCH_PATHS = "$(inherited) @executable_path/Frameworks";
				PRODUCT_BUNDLE_IDENTIFIER = com.universal.zxy.StacjYiew;
				PRODUCT_NAME = "$(TARGET_NAME)";
			};
			name = Release;
		};
		035DA4DB1CC0DB21009096B4 /* Debug */ = {
			isa = XCBuildConfiguration;
			buildSettings = {
				BUNDLE_LOADER = "$(TEST_HOST)";
				INFOPLIST_FILE = StacjYiewTests/Info.plist;
				LD_RUNPATH_SEARCH_PATHS = "$(inherited) @executable_path/Frameworks @loader_path/Frameworks";
				PRODUCT_BUNDLE_IDENTIFIER = com.universal.zxy.StacjYiewTests;
				PRODUCT_NAME = "$(TARGET_NAME)";
				TEST_HOST = "$(BUILT_PRODUCTS_DIR)/StacjYiew.app/StacjYiew";
			};
			name = Debug;
		};
		035DA4DC1CC0DB21009096B4 /* Release */ = {
			isa = XCBuildConfiguration;
			buildSettings = {
				BUNDLE_LOADER = "$(TEST_HOST)";
				INFOPLIST_FILE = StacjYiewTests/Info.plist;
				LD_RUNPATH_SEARCH_PATHS = "$(inherited) @executable_path/Frameworks @loader_path/Frameworks";
				PRODUCT_BUNDLE_IDENTIFIER = com.universal.zxy.StacjYiewTests;
				PRODUCT_NAME = "$(TARGET_NAME)";
				TEST_HOST = "$(BUILT_PRODUCTS_DIR)/StacjYiew.app/StacjYiew";
			};
			name = Release;
		};
		035DA4DE1CC0DB21009096B4 /* Debug */ = {
			isa = XCBuildConfiguration;
			buildSettings = {
				INFOPLIST_FILE = StacjYiewUITests/Info.plist;
				LD_RUNPATH_SEARCH_PATHS = "$(inherited) @executable_path/Frameworks @loader_path/Frameworks";
				PRODUCT_BUNDLE_IDENTIFIER = com.universal.zxy.StacjYiewUITests;
				PRODUCT_NAME = "$(TARGET_NAME)";
				TEST_TARGET_NAME = StacjYiew;
			};
			name = Debug;
		};
		035DA4DF1CC0DB21009096B4 /* Release */ = {
			isa = XCBuildConfiguration;
			buildSettings = {
				INFOPLIST_FILE = StacjYiewUITests/Info.plist;
				LD_RUNPATH_SEARCH_PATHS = "$(inherited) @executable_path/Frameworks @loader_path/Frameworks";
				PRODUCT_BUNDLE_IDENTIFIER = com.universal.zxy.StacjYiewUITests;
				PRODUCT_NAME = "$(TARGET_NAME)";
				TEST_TARGET_NAME = StacjYiew;
			};
			name = Release;
		};
/* End XCBuildConfiguration section */

/* Begin XCConfigurationList section */
		035DA4A21CC0DB21009096B4 /* Build configuration list for PBXProject "StacjYiew" */ = {
			isa = XCConfigurationList;
			buildConfigurations = (
				035DA4D51CC0DB21009096B4 /* Debug */,
				035DA4D61CC0DB21009096B4 /* Release */,
			);
			defaultConfigurationIsVisible = 0;
			defaultConfigurationName = Release;
		};
		035DA4D71CC0DB21009096B4 /* Build configuration list for PBXNativeTarget "StacjYiew" */ = {
			isa = XCConfigurationList;
			buildConfigurations = (
				035DA4D81CC0DB21009096B4 /* Debug */,
				035DA4D91CC0DB21009096B4 /* Release */,
			);
			defaultConfigurationIsVisible = 0;
		};
		035DA4DA1CC0DB21009096B4 /* Build configuration list for PBXNativeTarget "StacjYiewTests" */ = {
			isa = XCConfigurationList;
			buildConfigurations = (
				035DA4DB1CC0DB21009096B4 /* Debug */,
				035DA4DC1CC0DB21009096B4 /* Release */,
			);
			defaultConfigurationIsVisible = 0;
		};
		035DA4DD1CC0DB21009096B4 /* Build configuration list for PBXNativeTarget "StacjYiewUITests" */ = {
			isa = XCConfigurationList;
			buildConfigurations = (
				035DA4DE1CC0DB21009096B4 /* Debug */,
				035DA4DF1CC0DB21009096B4 /* Release */,
			);
			defaultConfigurationIsVisible = 0;
		};
/* End XCConfigurationList section */

/* Begin XCVersionGroup section */
		035DA4B61CC0DB21009096B4 /* StacjYiew.xcdatamodeld */ = {
			isa = XCVersionGroup;
			children = (
				035DA4B71CC0DB21009096B4 /* StacjYiew.xcdatamodel */,
			);
			currentVersion = 035DA4B71CC0DB21009096B4 /* StacjYiew.xcdatamodel */;
			path = StacjYiew.xcdatamodeld;
			sourceTree = "<group>";
			versionGroupType = wrapper.xcdatamodel;
		};
/* End XCVersionGroup section */
	};
	rootObject = 035DA49F1CC0DB21009096B4 /* Project object */;
}
